
Microsoft Visual Studio Solution File, Format Version 12.00
# Visual Studio Version 16
VisualStudioVersion = 16.0.30523.141
MinimumVisualStudioVersion = 10.0.40219.1
Project("{FAE04EC0-301F-11D3-BF4B-00C04F79EFBC}") = "Fenesan_Razvan_Lab2", "Fenesan_Razvan_Lab2.csproj", "{E5869DF7-AD4F-4301-9F05-4693E2EB928C}"
EndProject
Global
	GlobalSection(SolutionConfigurationPlatforms) = preSolution
		Debug|Any CPU = Debug|Any CPU
		Release|Any CPU = Release|Any CPU
	EndGlobalSection
	GlobalSection(ProjectConfigurationPlatforms) = postSolution
		{E5869DF7-AD4F-4301-9F05-4693E2EB928C}.Debug|Any CPU.ActiveCfg = Debug|Any CPU
		{E5869DF7-AD4F-4301-9F05-4693E2EB928C}.Debug|Any CPU.Build.0 = Debug|Any CPU
		{E5869DF7-AD4F-4301-9F05-4693E2EB928C}.Release|Any CPU.ActiveCfg = Release|Any CPU
		{E5869DF7-AD4F-4301-9F05-4693E2EB928C}.Release|Any CPU.Build.0 = Release|Any CPU
	EndGlobalSection
	GlobalSection(SolutionProperties) = preSolution
		HideSolutionNode = FALSE
	EndGlobalSection
	GlobalSection(ExtensibilityGlobals) = postSolution
		SolutionGuid = {752BA0C9-136E-4E40-AA89-547B4D2FEC7C}
	EndGlobalSection
EndGlobal
